// !$*UTF8*$!
{
	archiveVersion = 1;
	classes = {
	};
	objectVersion = 46;
	objects = {

/* Begin PBXBuildFile section */
		8BAC47251A9E27C3006302CE /* main.m in Sources */ = {isa = PBXBuildFile; fileRef = 8BAC47241A9E27C3006302CE /* main.m */; };
		8BAC47281A9E27C3006302CE /* AppDelegate.m in Sources */ = {isa = PBXBuildFile; fileRef = 8BAC47271A9E27C3006302CE /* AppDelegate.m */; };
		8BAC472B1A9E27C3006302CE /* ViewController.m in Sources */ = {isa = PBXBuildFile; fileRef = 8BAC472A1A9E27C3006302CE /* ViewController.m */; };
		8BAC472E1A9E27C3006302CE /* Main.storyboard in Resources */ = {isa = PBXBuildFile; fileRef = 8BAC472C1A9E27C3006302CE /* Main.storyboard */; };
		8BAC47301A9E27C3006302CE /* Images.xcassets in Resources */ = {isa = PBXBuildFile; fileRef = 8BAC472F1A9E27C3006302CE /* Images.xcassets */; };
		8BAC47331A9E27C3006302CE /* LaunchScreen.xib in Resources */ = {isa = PBXBuildFile; fileRef = 8BAC47311A9E27C3006302CE /* LaunchScreen.xib */; };
		8BAC473F1A9E27C3006302CE /* ObserveTests.m in Sources */ = {isa = PBXBuildFile; fileRef = 8BAC473E1A9E27C3006302CE /* ObserveTests.m */; };
		8BAC474A1A9E31CA006302CE /* FeedbackDraftViewController.m in Sources */ = {isa = PBXBuildFile; fileRef = 8BAC47491A9E31CA006302CE /* FeedbackDraftViewController.m */; };
		8BAC474D1A9E33CC006302CE /* ConfirmationViewController.m in Sources */ = {isa = PBXBuildFile; fileRef = 8BAC474C1A9E33CC006302CE /* ConfirmationViewController.m */; };
		8BAC47501A9E3989006302CE /* UIColor+colorFromHexString.m in Sources */ = {isa = PBXBuildFile; fileRef = 8BAC474F1A9E3989006302CE /* UIColor+colorFromHexString.m */; };
		8BAC47531A9E3C82006302CE /* Bolts.framework in Frameworks */ = {isa = PBXBuildFile; fileRef = 8BAC47511A9E3C82006302CE /* Bolts.framework */; };
		8BAC47541A9E3C82006302CE /* Parse.framework in Frameworks */ = {isa = PBXBuildFile; fileRef = 8BAC47521A9E3C82006302CE /* Parse.framework */; };
		8BAC47561A9E3CA7006302CE /* Accounts.framework in Frameworks */ = {isa = PBXBuildFile; fileRef = 8BAC47551A9E3CA7006302CE /* Accounts.framework */; };
		8BAC47581A9E3CAE006302CE /* AudioToolbox.framework in Frameworks */ = {isa = PBXBuildFile; fileRef = 8BAC47571A9E3CAE006302CE /* AudioToolbox.framework */; };
		8BAC475A1A9E3CB2006302CE /* CFNetwork.framework in Frameworks */ = {isa = PBXBuildFile; fileRef = 8BAC47591A9E3CB2006302CE /* CFNetwork.framework */; };
		8BAC475C1A9E3CB7006302CE /* CoreGraphics.framework in Frameworks */ = {isa = PBXBuildFile; fileRef = 8BAC475B1A9E3CB7006302CE /* CoreGraphics.framework */; };
		8BAC475E1A9E3CBC006302CE /* CoreLocation.framework in Frameworks */ = {isa = PBXBuildFile; fileRef = 8BAC475D1A9E3CBC006302CE /* CoreLocation.framework */; };
		8BAC47601A9E3CC2006302CE /* MobileCoreServices.framework in Frameworks */ = {isa = PBXBuildFile; fileRef = 8BAC475F1A9E3CC2006302CE /* MobileCoreServices.framework */; };
		8BAC47621A9E3CC8006302CE /* QuartzCore.framework in Frameworks */ = {isa = PBXBuildFile; fileRef = 8BAC47611A9E3CC8006302CE /* QuartzCore.framework */; };
		8BAC47641A9E3CCC006302CE /* Security.framework in Frameworks */ = {isa = PBXBuildFile; fileRef = 8BAC47631A9E3CCC006302CE /* Security.framework */; };
		8BAC47661A9E3CD1006302CE /* Social.framework in Frameworks */ = {isa = PBXBuildFile; fileRef = 8BAC47651A9E3CD1006302CE /* Social.framework */; };
		8BAC47681A9E3CD8006302CE /* StoreKit.framework in Frameworks */ = {isa = PBXBuildFile; fileRef = 8BAC47671A9E3CD8006302CE /* StoreKit.framework */; };
		8BAC476A1A9E3CDF006302CE /* SystemConfiguration.framework in Frameworks */ = {isa = PBXBuildFile; fileRef = 8BAC47691A9E3CDF006302CE /* SystemConfiguration.framework */; };
		8BAC476C1A9E3CE6006302CE /* libz.dylib in Frameworks */ = {isa = PBXBuildFile; fileRef = 8BAC476B1A9E3CE6006302CE /* libz.dylib */; };
		8BAC476E1A9E3CF1006302CE /* libsqlite3.dylib in Frameworks */ = {isa = PBXBuildFile; fileRef = 8BAC476D1A9E3CF1006302CE /* libsqlite3.dylib */; };
/* End PBXBuildFile section */

/* Begin PBXContainerItemProxy section */
		8BAC47391A9E27C3006302CE /* PBXContainerItemProxy */ = {
			isa = PBXContainerItemProxy;
			containerPortal = 8BAC47171A9E27C3006302CE /* Project object */;
			proxyType = 1;
			remoteGlobalIDString = 8BAC471E1A9E27C3006302CE;
			remoteInfo = Observe;
		};
/* End PBXContainerItemProxy section */

/* Begin PBXFileReference section */
		8BAC471F1A9E27C3006302CE /* Observe.app */ = {isa = PBXFileReference; explicitFileType = wrapper.application; includeInIndex = 0; path = Observe.app; sourceTree = BUILT_PRODUCTS_DIR; };
		8BAC47231A9E27C3006302CE /* Info.plist */ = {isa = PBXFileReference; lastKnownFileType = text.plist.xml; path = Info.plist; sourceTree = "<group>"; };
		8BAC47241A9E27C3006302CE /* main.m */ = {isa = PBXFileReference; lastKnownFileType = sourcecode.c.objc; path = main.m; sourceTree = "<group>"; };
		8BAC47261A9E27C3006302CE /* AppDelegate.h */ = {isa = PBXFileReference; lastKnownFileType = sourcecode.c.h; path = AppDelegate.h; sourceTree = "<group>"; };
		8BAC47271A9E27C3006302CE /* AppDelegate.m */ = {isa = PBXFileReference; lastKnownFileType = sourcecode.c.objc; path = AppDelegate.m; sourceTree = "<group>"; };
		8BAC47291A9E27C3006302CE /* ViewController.h */ = {isa = PBXFileReference; lastKnownFileType = sourcecode.c.h; path = ViewController.h; sourceTree = "<group>"; };
		8BAC472A1A9E27C3006302CE /* ViewController.m */ = {isa = PBXFileReference; lastKnownFileType = sourcecode.c.objc; path = ViewController.m; sourceTree = "<group>"; };
		8BAC472D1A9E27C3006302CE /* Base */ = {isa = PBXFileReference; lastKnownFileType = file.storyboard; name = Base; path = Base.lproj/Main.storyboard; sourceTree = "<group>"; };
		8BAC472F1A9E27C3006302CE /* Images.xcassets */ = {isa = PBXFileReference; lastKnownFileType = folder.assetcatalog; path = Images.xcassets; sourceTree = "<group>"; };
		8BAC47321A9E27C3006302CE /* Base */ = {isa = PBXFileReference; lastKnownFileType = file.xib; name = Base; path = Base.lproj/LaunchScreen.xib; sourceTree = "<group>"; };
		8BAC47381A9E27C3006302CE /* ObserveTests.xctest */ = {isa = PBXFileReference; explicitFileType = wrapper.cfbundle; includeInIndex = 0; path = ObserveTests.xctest; sourceTree = BUILT_PRODUCTS_DIR; };
		8BAC473D1A9E27C3006302CE /* Info.plist */ = {isa = PBXFileReference; lastKnownFileType = text.plist.xml; path = Info.plist; sourceTree = "<group>"; };
		8BAC473E1A9E27C3006302CE /* ObserveTests.m */ = {isa = PBXFileReference; lastKnownFileType = sourcecode.c.objc; path = ObserveTests.m; sourceTree = "<group>"; };
		8BAC47481A9E31CA006302CE /* FeedbackDraftViewController.h */ = {isa = PBXFileReference; fileEncoding = 4; lastKnownFileType = sourcecode.c.h; path = FeedbackDraftViewController.h; sourceTree = "<group>"; };
		8BAC47491A9E31CA006302CE /* FeedbackDraftViewController.m */ = {isa = PBXFileReference; fileEncoding = 4; lastKnownFileType = sourcecode.c.objc; path = FeedbackDraftViewController.m; sourceTree = "<group>"; };
		8BAC474B1A9E33CC006302CE /* ConfirmationViewController.h */ = {isa = PBXFileReference; fileEncoding = 4; lastKnownFileType = sourcecode.c.h; path = ConfirmationViewController.h; sourceTree = "<group>"; };
		8BAC474C1A9E33CC006302CE /* ConfirmationViewController.m */ = {isa = PBXFileReference; fileEncoding = 4; lastKnownFileType = sourcecode.c.objc; path = ConfirmationViewController.m; sourceTree = "<group>"; };
		8BAC474E1A9E3989006302CE /* UIColor+colorFromHexString.h */ = {isa = PBXFileReference; fileEncoding = 4; lastKnownFileType = sourcecode.c.h; path = "UIColor+colorFromHexString.h"; sourceTree = "<group>"; };
		8BAC474F1A9E3989006302CE /* UIColor+colorFromHexString.m */ = {isa = PBXFileReference; fileEncoding = 4; lastKnownFileType = sourcecode.c.objc; path = "UIColor+colorFromHexString.m"; sourceTree = "<group>"; };
		8BAC47511A9E3C82006302CE /* Bolts.framework */ = {isa = PBXFileReference; lastKnownFileType = wrapper.framework; path = Bolts.framework; sourceTree = "<group>"; };
		8BAC47521A9E3C82006302CE /* Parse.framework */ = {isa = PBXFileReference; lastKnownFileType = wrapper.framework; path = Parse.framework; sourceTree = "<group>"; };
		8BAC47551A9E3CA7006302CE /* Accounts.framework */ = {isa = PBXFileReference; lastKnownFileType = wrapper.framework; name = Accounts.framework; path = System/Library/Frameworks/Accounts.framework; sourceTree = SDKROOT; };
		8BAC47571A9E3CAE006302CE /* AudioToolbox.framework */ = {isa = PBXFileReference; lastKnownFileType = wrapper.framework; name = AudioToolbox.framework; path = System/Library/Frameworks/AudioToolbox.framework; sourceTree = SDKROOT; };
		8BAC47591A9E3CB2006302CE /* CFNetwork.framework */ = {isa = PBXFileReference; lastKnownFileType = wrapper.framework; name = CFNetwork.framework; path = System/Library/Frameworks/CFNetwork.framework; sourceTree = SDKROOT; };
		8BAC475B1A9E3CB7006302CE /* CoreGraphics.framework */ = {isa = PBXFileReference; lastKnownFileType = wrapper.framework; name = CoreGraphics.framework; path = System/Library/Frameworks/CoreGraphics.framework; sourceTree = SDKROOT; };
		8BAC475D1A9E3CBC006302CE /* CoreLocation.framework */ = {isa = PBXFileReference; lastKnownFileType = wrapper.framework; name = CoreLocation.framework; path = System/Library/Frameworks/CoreLocation.framework; sourceTree = SDKROOT; };
		8BAC475F1A9E3CC2006302CE /* MobileCoreServices.framework */ = {isa = PBXFileReference; lastKnownFileType = wrapper.framework; name = MobileCoreServices.framework; path = System/Library/Frameworks/MobileCoreServices.framework; sourceTree = SDKROOT; };
		8BAC47611A9E3CC8006302CE /* QuartzCore.framework */ = {isa = PBXFileReference; lastKnownFileType = wrapper.framework; name = QuartzCore.framework; path = System/Library/Frameworks/QuartzCore.framework; sourceTree = SDKROOT; };
		8BAC47631A9E3CCC006302CE /* Security.framework */ = {isa = PBXFileReference; lastKnownFileType = wrapper.framework; name = Security.framework; path = System/Library/Frameworks/Security.framework; sourceTree = SDKROOT; };
		8BAC47651A9E3CD1006302CE /* Social.framework */ = {isa = PBXFileReference; lastKnownFileType = wrapper.framework; name = Social.framework; path = System/Library/Frameworks/Social.framework; sourceTree = SDKROOT; };
		8BAC47671A9E3CD8006302CE /* StoreKit.framework */ = {isa = PBXFileReference; lastKnownFileType = wrapper.framework; name = StoreKit.framework; path = System/Library/Frameworks/StoreKit.framework; sourceTree = SDKROOT; };
		8BAC47691A9E3CDF006302CE /* SystemConfiguration.framework */ = {isa = PBXFileReference; lastKnownFileType = wrapper.framework; name = SystemConfiguration.framework; path = System/Library/Frameworks/SystemConfiguration.framework; sourceTree = SDKROOT; };
		8BAC476B1A9E3CE6006302CE /* libz.dylib */ = {isa = PBXFileReference; lastKnownFileType = "compiled.mach-o.dylib"; name = libz.dylib; path = usr/lib/libz.dylib; sourceTree = SDKROOT; };
		8BAC476D1A9E3CF1006302CE /* libsqlite3.dylib */ = {isa = PBXFileReference; lastKnownFileType = "compiled.mach-o.dylib"; name = libsqlite3.dylib; path = usr/lib/libsqlite3.dylib; sourceTree = SDKROOT; };
/* End PBXFileReference section */

/* Begin PBXFrameworksBuildPhase section */
		8BAC471C1A9E27C3006302CE /* Frameworks */ = {
			isa = PBXFrameworksBuildPhase;
			buildActionMask = 2147483647;
			files = (
				8BAC476E1A9E3CF1006302CE /* libsqlite3.dylib in Frameworks */,
				8BAC476C1A9E3CE6006302CE /* libz.dylib in Frameworks */,
				8BAC476A1A9E3CDF006302CE /* SystemConfiguration.framework in Frameworks */,
				8BAC47681A9E3CD8006302CE /* StoreKit.framework in Frameworks */,
				8BAC47661A9E3CD1006302CE /* Social.framework in Frameworks */,
				8BAC47641A9E3CCC006302CE /* Security.framework in Frameworks */,
				8BAC47621A9E3CC8006302CE /* QuartzCore.framework in Frameworks */,
				8BAC47601A9E3CC2006302CE /* MobileCoreServices.framework in Frameworks */,
				8BAC475E1A9E3CBC006302CE /* CoreLocation.framework in Frameworks */,
				8BAC475C1A9E3CB7006302CE /* CoreGraphics.framework in Frameworks */,
				8BAC475A1A9E3CB2006302CE /* CFNetwork.framework in Frameworks */,
				8BAC47581A9E3CAE006302CE /* AudioToolbox.framework in Frameworks */,
				8BAC47561A9E3CA7006302CE /* Accounts.framework in Frameworks */,
				8BAC47541A9E3C82006302CE /* Parse.framework in Frameworks */,
				8BAC47531A9E3C82006302CE /* Bolts.framework in Frameworks */,
			);
			runOnlyForDeploymentPostprocessing = 0;
		};
		8BAC47351A9E27C3006302CE /* Frameworks */ = {
			isa = PBXFrameworksBuildPhase;
			buildActionMask = 2147483647;
			files = (
			);
			runOnlyForDeploymentPostprocessing = 0;
		};
/* End PBXFrameworksBuildPhase section */

/* Begin PBXGroup section */
		8BAC47161A9E27C3006302CE = {
			isa = PBXGroup;
			children = (
				8BAC47211A9E27C3006302CE /* Observe */,
				8BAC473B1A9E27C3006302CE /* ObserveTests */,
				8BAC47201A9E27C3006302CE /* Products */,
			);
			sourceTree = "<group>";
		};
		8BAC47201A9E27C3006302CE /* Products */ = {
			isa = PBXGroup;
			children = (
				8BAC471F1A9E27C3006302CE /* Observe.app */,
				8BAC47381A9E27C3006302CE /* ObserveTests.xctest */,
			);
			name = Products;
			sourceTree = "<group>";
		};
		8BAC47211A9E27C3006302CE /* Observe */ = {
			isa = PBXGroup;
			children = (
				8BAC474E1A9E3989006302CE /* UIColor+colorFromHexString.h */,
				8BAC474F1A9E3989006302CE /* UIColor+colorFromHexString.m */,
				8BAC474B1A9E33CC006302CE /* ConfirmationViewController.h */,
				8BAC474C1A9E33CC006302CE /* ConfirmationViewController.m */,
				8BAC47481A9E31CA006302CE /* FeedbackDraftViewController.h */,
				8BAC47491A9E31CA006302CE /* FeedbackDraftViewController.m */,
				8BAC47291A9E27C3006302CE /* ViewController.h */,
				8BAC472A1A9E27C3006302CE /* ViewController.m */,
				8BAC47261A9E27C3006302CE /* AppDelegate.h */,
				8BAC47271A9E27C3006302CE /* AppDelegate.m */,
				8BAC472C1A9E27C3006302CE /* Main.storyboard */,
				8BAC472F1A9E27C3006302CE /* Images.xcassets */,
				8BAC47311A9E27C3006302CE /* LaunchScreen.xib */,
				8BAC47221A9E27C3006302CE /* Supporting Files */,
			);
			path = Observe;
			sourceTree = "<group>";
		};
		8BAC47221A9E27C3006302CE /* Supporting Files */ = {
			isa = PBXGroup;
			children = (
				8BAC476F1A9E3CFB006302CE /* Frameworks */,
				8BAC47231A9E27C3006302CE /* Info.plist */,
				8BAC47241A9E27C3006302CE /* main.m */,
			);
			name = "Supporting Files";
			sourceTree = "<group>";
		};
		8BAC473B1A9E27C3006302CE /* ObserveTests */ = {
			isa = PBXGroup;
			children = (
				8BAC473E1A9E27C3006302CE /* ObserveTests.m */,
				8BAC473C1A9E27C3006302CE /* Supporting Files */,
			);
			path = ObserveTests;
			sourceTree = "<group>";
		};
		8BAC473C1A9E27C3006302CE /* Supporting Files */ = {
			isa = PBXGroup;
			children = (
				8BAC473D1A9E27C3006302CE /* Info.plist */,
			);
			name = "Supporting Files";
			sourceTree = "<group>";
		};
		8BAC476F1A9E3CFB006302CE /* Frameworks */ = {
			isa = PBXGroup;
			children = (
				8BAC476D1A9E3CF1006302CE /* libsqlite3.dylib */,
				8BAC476B1A9E3CE6006302CE /* libz.dylib */,
				8BAC47691A9E3CDF006302CE /* SystemConfiguration.framework */,
				8BAC47671A9E3CD8006302CE /* StoreKit.framework */,
				8BAC47651A9E3CD1006302CE /* Social.framework */,
				8BAC47631A9E3CCC006302CE /* Security.framework */,
				8BAC47611A9E3CC8006302CE /* QuartzCore.framework */,
				8BAC475F1A9E3CC2006302CE /* MobileCoreServices.framework */,
				8BAC475D1A9E3CBC006302CE /* CoreLocation.framework */,
				8BAC475B1A9E3CB7006302CE /* CoreGraphics.framework */,
				8BAC47591A9E3CB2006302CE /* CFNetwork.framework */,
				8BAC47571A9E3CAE006302CE /* AudioToolbox.framework */,
				8BAC47551A9E3CA7006302CE /* Accounts.framework */,
				8BAC47521A9E3C82006302CE /* Parse.framework */,
				8BAC47511A9E3C82006302CE /* Bolts.framework */,
			);
			name = Frameworks;
			sourceTree = "<group>";
		};
/* End PBXGroup section */

/* Begin PBXNativeTarget section */
		8BAC471E1A9E27C3006302CE /* Observe */ = {
			isa = PBXNativeTarget;
			buildConfigurationList = 8BAC47421A9E27C3006302CE /* Build configuration list for PBXNativeTarget "Observe" */;
			buildPhases = (
				8BAC471B1A9E27C3006302CE /* Sources */,
				8BAC471C1A9E27C3006302CE /* Frameworks */,
				8BAC471D1A9E27C3006302CE /* Resources */,
			);
			buildRules = (
			);
			dependencies = (
			);
			name = Observe;
			productName = Observe;
			productReference = 8BAC471F1A9E27C3006302CE /* Observe.app */;
			productType = "com.apple.product-type.application";
		};
		8BAC47371A9E27C3006302CE /* ObserveTests */ = {
			isa = PBXNativeTarget;
			buildConfigurationList = 8BAC47451A9E27C3006302CE /* Build configuration list for PBXNativeTarget "ObserveTests" */;
			buildPhases = (
				8BAC47341A9E27C3006302CE /* Sources */,
				8BAC47351A9E27C3006302CE /* Frameworks */,
				8BAC47361A9E27C3006302CE /* Resources */,
			);
			buildRules = (
			);
			dependencies = (
				8BAC473A1A9E27C3006302CE /* PBXTargetDependency */,
			);
			name = ObserveTests;
			productName = ObserveTests;
			productReference = 8BAC47381A9E27C3006302CE /* ObserveTests.xctest */;
			productType = "com.apple.product-type.bundle.unit-test";
		};
/* End PBXNativeTarget section */

/* Begin PBXProject section */
		8BAC47171A9E27C3006302CE /* Project object */ = {
			isa = PBXProject;
			attributes = {
				LastUpgradeCheck = 0610;
				ORGANIZATIONNAME = "Patrick Wilson";
				TargetAttributes = {
					8BAC471E1A9E27C3006302CE = {
						CreatedOnToolsVersion = 6.1.1;
					};
					8BAC47371A9E27C3006302CE = {
						CreatedOnToolsVersion = 6.1.1;
						TestTargetID = 8BAC471E1A9E27C3006302CE;
					};
				};
			};
			buildConfigurationList = 8BAC471A1A9E27C3006302CE /* Build configuration list for PBXProject "Observe" */;
			compatibilityVersion = "Xcode 3.2";
			developmentRegion = English;
			hasScannedForEncodings = 0;
			knownRegions = (
				en,
				Base,
			);
			mainGroup = 8BAC47161A9E27C3006302CE;
			productRefGroup = 8BAC47201A9E27C3006302CE /* Products */;
			projectDirPath = "";
			projectRoot = "";
			targets = (
				8BAC471E1A9E27C3006302CE /* Observe */,
				8BAC47371A9E27C3006302CE /* ObserveTests */,
			);
		};
/* End PBXProject section */

/* Begin PBXResourcesBuildPhase section */
		8BAC471D1A9E27C3006302CE /* Resources */ = {
			isa = PBXResourcesBuildPhase;
			buildActionMask = 2147483647;
			files = (
				8BAC472E1A9E27C3006302CE /* Main.storyboard in Resources */,
				8BAC47331A9E27C3006302CE /* LaunchScreen.xib in Resources */,
				8BAC47301A9E27C3006302CE /* Images.xcassets in Resources */,
			);
			runOnlyForDeploymentPostprocessing = 0;
		};
		8BAC47361A9E27C3006302CE /* Resources */ = {
			isa = PBXResourcesBuildPhase;
			buildActionMask = 2147483647;
			files = (
			);
			runOnlyForDeploymentPostprocessing = 0;
		};
/* End PBXResourcesBuildPhase section */

/* Begin PBXSourcesBuildPhase section */
		8BAC471B1A9E27C3006302CE /* Sources */ = {
			isa = PBXSourcesBuildPhase;
			buildActionMask = 2147483647;
			files = (
				8BAC472B1A9E27C3006302CE /* ViewController.m in Sources */,
				8BAC474A1A9E31CA006302CE /* FeedbackDraftViewController.m in Sources */,
				8BAC47501A9E3989006302CE /* UIColor+colorFromHexString.m in Sources */,
				8BAC47281A9E27C3006302CE /* AppDelegate.m in Sources */,
				8BAC47251A9E27C3006302CE /* main.m in Sources */,
				8BAC474D1A9E33CC006302CE /* ConfirmationViewController.m in Sources */,
			);
			runOnlyForDeploymentPostprocessing = 0;
		};
		8BAC47341A9E27C3006302CE /* Sources */ = {
			isa = PBXSourcesBuildPhase;
			buildActionMask = 2147483647;
			files = (
				8BAC473F1A9E27C3006302CE /* ObserveTests.m in Sources */,
			);
			runOnlyForDeploymentPostprocessing = 0;
		};
/* End PBXSourcesBuildPhase section */

/* Begin PBXTargetDependency section */
		8BAC473A1A9E27C3006302CE /* PBXTargetDependency */ = {
			isa = PBXTargetDependency;
			target = 8BAC471E1A9E27C3006302CE /* Observe */;
			targetProxy = 8BAC47391A9E27C3006302CE /* PBXContainerItemProxy */;
		};
/* End PBXTargetDependency section */

/* Begin PBXVariantGroup section */
		8BAC472C1A9E27C3006302CE /* Main.storyboard */ = {
			isa = PBXVariantGroup;
			children = (
				8BAC472D1A9E27C3006302CE /* Base */,
			);
			name = Main.storyboard;
			sourceTree = "<group>";
		};
		8BAC47311A9E27C3006302CE /* LaunchScreen.xib */ = {
			isa = PBXVariantGroup;
			children = (
				8BAC47321A9E27C3006302CE /* Base */,
			);
			name = LaunchScreen.xib;
			sourceTree = "<group>";
		};
/* End PBXVariantGroup section */

/* Begin XCBuildConfiguration section */
		8BAC47401A9E27C3006302CE /* Debug */ = {
			isa = XCBuildConfiguration;
			buildSettings = {
				ALWAYS_SEARCH_USER_PATHS = NO;
				CLANG_CXX_LANGUAGE_STANDARD = "gnu++0x";
				CLANG_CXX_LIBRARY = "libc++";
				CLANG_ENABLE_MODULES = YES;
				CLANG_ENABLE_OBJC_ARC = YES;
				CLANG_WARN_BOOL_CONVERSION = YES;
				CLANG_WARN_CONSTANT_CONVERSION = YES;
				CLANG_WARN_DIRECT_OBJC_ISA_USAGE = YES_ERROR;
				CLANG_WARN_EMPTY_BODY = YES;
				CLANG_WARN_ENUM_CONVERSION = YES;
				CLANG_WARN_INT_CONVERSION = YES;
				CLANG_WARN_OBJC_ROOT_CLASS = YES_ERROR;
				CLANG_WARN_UNREACHABLE_CODE = YES;
				CLANG_WARN__DUPLICATE_METHOD_MATCH = YES;
				"CODE_SIGN_IDENTITY[sdk=iphoneos*]" = "iPhone Developer";
				COPY_PHASE_STRIP = NO;
				ENABLE_STRICT_OBJC_MSGSEND = YES;
				GCC_C_LANGUAGE_STANDARD = gnu99;
				GCC_DYNAMIC_NO_PIC = NO;
				GCC_OPTIMIZATION_LEVEL = 0;
				GCC_PREPROCESSOR_DEFINITIONS = (
					"DEBUG=1",
					"$(inherited)",
				);
				GCC_SYMBOLS_PRIVATE_EXTERN = NO;
				GCC_WARN_64_TO_32_BIT_CONVERSION = YES;
				GCC_WARN_ABOUT_RETURN_TYPE = YES_ERROR;
				GCC_WARN_UNDECLARED_SELECTOR = YES;
				GCC_WARN_UNINITIALIZED_AUTOS = YES_AGGRESSIVE;
				GCC_WARN_UNUSED_FUNCTION = YES;
				GCC_WARN_UNUSED_VARIABLE = YES;
				IPHONEOS_DEPLOYMENT_TARGET = 8.1;
				MTL_ENABLE_DEBUG_INFO = YES;
				ONLY_ACTIVE_ARCH = YES;
				SDKROOT = iphoneos;
			};
			name = Debug;
		};
		8BAC47411A9E27C3006302CE /* Release */ = {
			isa = XCBuildConfiguration;
			buildSettings = {
				ALWAYS_SEARCH_USER_PATHS = NO;
				CLANG_CXX_LANGUAGE_STANDARD = "gnu++0x";
				CLANG_CXX_LIBRARY = "libc++";
				CLANG_ENABLE_MODULES = YES;
				CLANG_ENABLE_OBJC_ARC = YES;
				CLANG_WARN_BOOL_CONVERSION = YES;
				CLANG_WARN_CONSTANT_CONVERSION = YES;
				CLANG_WARN_DIRECT_OBJC_ISA_USAGE = YES_ERROR;
				CLANG_WARN_EMPTY_BODY = YES;
				CLANG_WARN_ENUM_CONVERSION = YES;
				CLANG_WARN_INT_CONVERSION = YES;
				CLANG_WARN_OBJC_ROOT_CLASS = YES_ERROR;
				CLANG_WARN_UNREACHABLE_CODE = YES;
				CLANG_WARN__DUPLICATE_METHOD_MATCH = YES;
				"CODE_SIGN_IDENTITY[sdk=iphoneos*]" = "iPhone Developer";
				COPY_PHASE_STRIP = YES;
				ENABLE_NS_ASSERTIONS = NO;
				ENABLE_STRICT_OBJC_MSGSEND = YES;
				GCC_C_LANGUAGE_STANDARD = gnu99;
				GCC_WARN_64_TO_32_BIT_CONVERSION = YES;
				GCC_WARN_ABOUT_RETURN_TYPE = YES_ERROR;
				GCC_WARN_UNDECLARED_SELECTOR = YES;
				GCC_WARN_UNINITIALIZED_AUTOS = YES_AGGRESSIVE;
				GCC_WARN_UNUSED_FUNCTION = YES;
				GCC_WARN_UNUSED_VARIABLE = YES;
				IPHONEOS_DEPLOYMENT_TARGET = 8.1;
				MTL_ENABLE_DEBUG_INFO = NO;
				SDKROOT = iphoneos;
				VALIDATE_PRODUCT = YES;
			};
			name = Release;
		};
		8BAC47431A9E27C3006302CE /* Debug */ = {
			isa = XCBuildConfiguration;
			buildSettings = {
				ASSETCATALOG_COMPILER_APPICON_NAME = AppIcon;
				FRAMEWORK_SEARCH_PATHS = (
					"$(inherited)",
					"$(PROJECT_DIR)/Observe",
				);
				INFOPLIST_FILE = Observe/Info.plist;
				LD_RUNPATH_SEARCH_PATHS = "$(inherited) @executable_path/Frameworks";
				PRODUCT_NAME = "$(TARGET_NAME)";
			};
			name = Debug;
		};
		8BAC47441A9E27C3006302CE /* Release */ = {
			isa = XCBuildConfiguration;
			buildSettings = {
				ASSETCATALOG_COMPILER_APPICON_NAME = AppIcon;
				FRAMEWORK_SEARCH_PATHS = (
					"$(inherited)",
					"$(PROJECT_DIR)/Observe",
				);
				INFOPLIST_FILE = Observe/Info.plist;
				LD_RUNPATH_SEARCH_PATHS = "$(inherited) @executable_path/Frameworks";
				PRODUCT_NAME = "$(TARGET_NAME)";
			};
			name = Release;
		};
		8BAC47461A9E27C3006302CE /* Debug */ = {
			isa = XCBuildConfiguration;
			buildSettings = {
				BUNDLE_LOADER = "$(TEST_HOST)";
				FRAMEWORK_SEARCH_PATHS = (
					"$(SDKROOT)/Developer/Library/Frameworks",
					"$(inherited)",
				);
				GCC_PREPROCESSOR_DEFINITIONS = (
					"DEBUG=1",
					"$(inherited)",
				);
				INFOPLIST_FILE = ObserveTests/Info.plist;
				LD_RUNPATH_SEARCH_PATHS = "$(inherited) @executable_path/Frameworks @loader_path/Frameworks";
				PRODUCT_NAME = "$(TARGET_NAME)";
				TEST_HOST = "$(BUILT_PRODUCTS_DIR)/Observe.app/Observe";
			};
			name = Debug;
		};
		8BAC47471A9E27C3006302CE /* Release */ = {
			isa = XCBuildConfiguration;
			buildSettings = {
				BUNDLE_LOADER = "$(TEST_HOST)";
				FRAMEWORK_SEARCH_PATHS = (
					"$(SDKROOT)/Developer/Library/Frameworks",
					"$(inherited)",
				);
				INFOPLIST_FILE = ObserveTests/Info.plist;
				LD_RUNPATH_SEARCH_PATHS = "$(inherited) @executable_path/Frameworks @loader_path/Frameworks";
				PRODUCT_NAME = "$(TARGET_NAME)";
				TEST_HOST = "$(BUILT_PRODUCTS_DIR)/Observe.app/Observe";
			};
			name = Release;
		};
/* End XCBuildConfiguration section */

/* Begin XCConfigurationList section */
		8BAC471A1A9E27C3006302CE /* Build configuration list for PBXProject "Observe" */ = {
			isa = XCConfigurationList;
			buildConfigurations = (
				8BAC47401A9E27C3006302CE /* Debug */,
				8BAC47411A9E27C3006302CE /* Release */,
			);
			defaultConfigurationIsVisible = 0;
			defaultConfigurationName = Release;
		};
		8BAC47421A9E27C3006302CE /* Build configuration list for PBXNativeTarget "Observe" */ = {
			isa = XCConfigurationList;
			buildConfigurations = (
				8BAC47431A9E27C3006302CE /* Debug */,
				8BAC47441A9E27C3006302CE /* Release */,
			);
			defaultConfigurationIsVisible = 0;
		};
		8BAC47451A9E27C3006302CE /* Build configuration list for PBXNativeTarget "ObserveTests" */ = {
			isa = XCConfigurationList;
			buildConfigurations = (
				8BAC47461A9E27C3006302CE /* Debug */,
				8BAC47471A9E27C3006302CE /* Release */,
			);
			defaultConfigurationIsVisible = 0;
		};
/* End XCConfigurationList section */
	};
	rootObject = 8BAC47171A9E27C3006302CE /* Project object */;
}
